// !$*UTF8*$!
{
	archiveVersion = 1;
	classes = {
	};
	objectVersion = 56;
	objects = {

/* Begin PBXBuildFile section */
		0F370D0C8A46C1DE9F3AD732 /* Pods_IlJournalieriOSTests.framework in Frameworks */ = {isa = PBXBuildFile; fileRef = C7F198EF3CC114AA1AADD051 /* Pods_IlJournalieriOSTests.framework */; };
		5C09B76DB21BA970485E59C4 /* Pods_IlJournalieriOSUITests.framework in Frameworks */ = {isa = PBXBuildFile; fileRef = 410A5667A128035A47819575 /* Pods_IlJournalieriOSUITests.framework */; };
		6940FEE84F66726B29B90FC6 /* Pods_IlJournalieriOS.framework in Frameworks */ = {isa = PBXBuildFile; fileRef = B3867660AB381987D62D8165 /* Pods_IlJournalieriOS.framework */; };
		A34088432AFB628100E0AE6C /* IlJournalieriOSUITests.swift in Sources */ = {isa = PBXBuildFile; fileRef = A34088422AFB628100E0AE6C /* IlJournalieriOSUITests.swift */; };
		A34088522AFB631500E0AE6C /* IlJournalierUITestUtils.swift in Sources */ = {isa = PBXBuildFile; fileRef = A34088512AFB631500E0AE6C /* IlJournalierUITestUtils.swift */; };
		A34088562AFB632200E0AE6C /* libIlJournalierUITestUtils.a in Frameworks */ = {isa = PBXBuildFile; fileRef = A340884F2AFB631500E0AE6C /* libIlJournalierUITestUtils.a */; };
		A340885A2AFB635800E0AE6C /* UIView+accessibilityId.swift in Sources */ = {isa = PBXBuildFile; fileRef = A34088592AFB635800E0AE6C /* UIView+accessibilityId.swift */; };
		A340885B2AFB640C00E0AE6C /* libIlJournalierUITestUtils.a in Frameworks */ = {isa = PBXBuildFile; fileRef = A340884F2AFB631500E0AE6C /* libIlJournalierUITestUtils.a */; };
		A340885D2AFB654E00E0AE6C /* Util.swift in Sources */ = {isa = PBXBuildFile; fileRef = A340885C2AFB654E00E0AE6C /* Util.swift */; };
		A3E202C62ADA9FA2001D920F /* AppDelegate.swift in Sources */ = {isa = PBXBuildFile; fileRef = A3E202C52ADA9FA2001D920F /* AppDelegate.swift */; };
		A3E202CF2ADA9FA3001D920F /* Assets.xcassets in Resources */ = {isa = PBXBuildFile; fileRef = A3E202CE2ADA9FA3001D920F /* Assets.xcassets */; };
		A3E202D22ADA9FA3001D920F /* LaunchScreen.storyboard in Resources */ = {isa = PBXBuildFile; fileRef = A3E202D02ADA9FA3001D920F /* LaunchScreen.storyboard */; };
		A3E202DC2ADAA003001D920F /* DashboardViewController.swift in Sources */ = {isa = PBXBuildFile; fileRef = A3E202DB2ADAA003001D920F /* DashboardViewController.swift */; };
		A3E202DE2ADAA414001D920F /* AppCoordinator.swift in Sources */ = {isa = PBXBuildFile; fileRef = A3E202DD2ADAA414001D920F /* AppCoordinator.swift */; };
		A3E202E12ADAA470001D920F /* DashboardCoordinator.swift in Sources */ = {isa = PBXBuildFile; fileRef = A3E202E02ADAA470001D920F /* DashboardCoordinator.swift */; };
		A3E202E42ADAA548001D920F /* StylishField.swift in Sources */ = {isa = PBXBuildFile; fileRef = A3E202E32ADAA548001D920F /* StylishField.swift */; };
		A3E202E72ADAA605001D920F /* UIColor+hex.swift in Sources */ = {isa = PBXBuildFile; fileRef = A3E202E62ADAA605001D920F /* UIColor+hex.swift */; };
		A3E202EA2ADAAD0E001D920F /* CoreDataService.swift in Sources */ = {isa = PBXBuildFile; fileRef = A3E202E92ADAAD0E001D920F /* CoreDataService.swift */; };
		A3E202ED2ADAAD31001D920F /* IlJournalieriOS.xcdatamodeld in Sources */ = {isa = PBXBuildFile; fileRef = A3E202EB2ADAAD31001D920F /* IlJournalieriOS.xcdatamodeld */; };
		A3E202EF2ADAAD74001D920F /* DIContext.swift in Sources */ = {isa = PBXBuildFile; fileRef = A3E202EE2ADAAD74001D920F /* DIContext.swift */; };
		A3E202F12ADAB093001D920F /* MoreMessageService.swift in Sources */ = {isa = PBXBuildFile; fileRef = A3E202F02ADAB093001D920F /* MoreMessageService.swift */; };
		A3E202F32ADAB103001D920F /* ErrorChain.swift in Sources */ = {isa = PBXBuildFile; fileRef = A3E202F22ADAB103001D920F /* ErrorChain.swift */; };
		A3E202F52ADAB162001D920F /* DateService.swift in Sources */ = {isa = PBXBuildFile; fileRef = A3E202F42ADAB162001D920F /* DateService.swift */; };
		A3E202F72ADAB241001D920F /* MoreMessageStorage.swift in Sources */ = {isa = PBXBuildFile; fileRef = A3E202F62ADAB241001D920F /* MoreMessageStorage.swift */; };
		A3E202F92ADAB691001D920F /* DashboardPresenter.swift in Sources */ = {isa = PBXBuildFile; fileRef = A3E202F82ADAB691001D920F /* DashboardPresenter.swift */; };
		A3E202FD2ADAB727001D920F /* MainThread.swift in Sources */ = {isa = PBXBuildFile; fileRef = A3E202FC2ADAB727001D920F /* MainThread.swift */; };
		A3E202FF2ADABA6A001D920F /* StylishButton.swift in Sources */ = {isa = PBXBuildFile; fileRef = A3E202FE2ADABA6A001D920F /* StylishButton.swift */; };
		A3E203012ADABABA001D920F /* UIColor+colors.swift in Sources */ = {isa = PBXBuildFile; fileRef = A3E203002ADABABA001D920F /* UIColor+colors.swift */; };
		A3EC095E2ADEC85B002102AD /* DashboardMassiveViewController.swift in Sources */ = {isa = PBXBuildFile; fileRef = A3EC095D2ADEC85B002102AD /* DashboardMassiveViewController.swift */; };
		A3EC096D2ADEE9B4002102AD /* MoreMessageServiceManualTests.swift in Sources */ = {isa = PBXBuildFile; fileRef = A3EC096C2ADEE9B4002102AD /* MoreMessageServiceManualTests.swift */; };
		A3EC09722ADEEAB9002102AD /* DateServiceMock.swift in Sources */ = {isa = PBXBuildFile; fileRef = A3EC09712ADEEAB9002102AD /* DateServiceMock.swift */; };
		A3EC09742ADEEB31002102AD /* MoreMessageStorageMock.swift in Sources */ = {isa = PBXBuildFile; fileRef = A3EC09732ADEEB31002102AD /* MoreMessageStorageMock.swift */; };
		A3EC09762ADEF4E0002102AD /* MoreMessageServiceQuickSpec.swift in Sources */ = {isa = PBXBuildFile; fileRef = A3EC09752ADEF4E0002102AD /* MoreMessageServiceQuickSpec.swift */; };
		A3EC09792ADF0437002102AD /* AutoMockable.swift in Sources */ = {isa = PBXBuildFile; fileRef = A3EC09782ADF0437002102AD /* AutoMockable.swift */; };
		A3EC098A2ADF055F002102AD /* AutoMockable.generated.swift in Sources */ = {isa = PBXBuildFile; fileRef = A3EC09892ADF055F002102AD /* AutoMockable.generated.swift */; };
/* End PBXBuildFile section */

/* Begin PBXContainerItemProxy section */
		A34088462AFB628100E0AE6C /* PBXContainerItemProxy */ = {
			isa = PBXContainerItemProxy;
			containerPortal = A3E202BA2ADA9FA2001D920F /* Project object */;
			proxyType = 1;
			remoteGlobalIDString = A3E202C12ADA9FA2001D920F;
			remoteInfo = IlJournalieriOS;
		};
		A34088572AFB632200E0AE6C /* PBXContainerItemProxy */ = {
			isa = PBXContainerItemProxy;
			containerPortal = A3E202BA2ADA9FA2001D920F /* Project object */;
			proxyType = 1;
			remoteGlobalIDString = A340884E2AFB631500E0AE6C;
			remoteInfo = IlJournalierUITestUtils;
		};
		A3EC09672ADEE96E002102AD /* PBXContainerItemProxy */ = {
			isa = PBXContainerItemProxy;
			containerPortal = A3E202BA2ADA9FA2001D920F /* Project object */;
			proxyType = 1;
			remoteGlobalIDString = A3E202C12ADA9FA2001D920F;
			remoteInfo = IlJournalieriOS;
		};
/* End PBXContainerItemProxy section */

/* Begin PBXCopyFilesBuildPhase section */
		A340884D2AFB631500E0AE6C /* CopyFiles */ = {
			isa = PBXCopyFilesBuildPhase;
			buildActionMask = 2147483647;
			dstPath = "include/$(PRODUCT_NAME)";
			dstSubfolderSpec = 16;
			files = (
			);
			runOnlyForDeploymentPostprocessing = 0;
		};
/* End PBXCopyFilesBuildPhase section */

/* Begin PBXFileReference section */
		0D02B7FBED5BD55F4FC4FB31 /* Pods-IlJournalieriOSTests.debug.xcconfig */ = {isa = PBXFileReference; includeInIndex = 1; lastKnownFileType = text.xcconfig; name = "Pods-IlJournalieriOSTests.debug.xcconfig"; path = "Target Support Files/Pods-IlJournalieriOSTests/Pods-IlJournalieriOSTests.debug.xcconfig"; sourceTree = "<group>"; };
		215C9B1183701AAEAC824A1C /* Pods-IlJournalieriOSTests.release.xcconfig */ = {isa = PBXFileReference; includeInIndex = 1; lastKnownFileType = text.xcconfig; name = "Pods-IlJournalieriOSTests.release.xcconfig"; path = "Target Support Files/Pods-IlJournalieriOSTests/Pods-IlJournalieriOSTests.release.xcconfig"; sourceTree = "<group>"; };
		2544FFED21CD2639E3024BB9 /* Pods-IlJournalieriOS.release.xcconfig */ = {isa = PBXFileReference; includeInIndex = 1; lastKnownFileType = text.xcconfig; name = "Pods-IlJournalieriOS.release.xcconfig"; path = "Target Support Files/Pods-IlJournalieriOS/Pods-IlJournalieriOS.release.xcconfig"; sourceTree = "<group>"; };
		278D607B8A35235769859113 /* Pods-IlJournalieriOS-IlJournalieriOSTests.release.xcconfig */ = {isa = PBXFileReference; includeInIndex = 1; lastKnownFileType = text.xcconfig; name = "Pods-IlJournalieriOS-IlJournalieriOSTests.release.xcconfig"; path = "Target Support Files/Pods-IlJournalieriOS-IlJournalieriOSTests/Pods-IlJournalieriOS-IlJournalieriOSTests.release.xcconfig"; sourceTree = "<group>"; };
		3A664860507497E62B970EB4 /* Pods-IlJournalieriOS-IlJournalieriOSTests.debug.xcconfig */ = {isa = PBXFileReference; includeInIndex = 1; lastKnownFileType = text.xcconfig; name = "Pods-IlJournalieriOS-IlJournalieriOSTests.debug.xcconfig"; path = "Target Support Files/Pods-IlJournalieriOS-IlJournalieriOSTests/Pods-IlJournalieriOS-IlJournalieriOSTests.debug.xcconfig"; sourceTree = "<group>"; };
		410A5667A128035A47819575 /* Pods_IlJournalieriOSUITests.framework */ = {isa = PBXFileReference; explicitFileType = wrapper.framework; includeInIndex = 0; path = Pods_IlJournalieriOSUITests.framework; sourceTree = BUILT_PRODUCTS_DIR; };
		854018108CDAA9C729657DCF /* Pods-IlJournalieriOS.debug.xcconfig */ = {isa = PBXFileReference; includeInIndex = 1; lastKnownFileType = text.xcconfig; name = "Pods-IlJournalieriOS.debug.xcconfig"; path = "Target Support Files/Pods-IlJournalieriOS/Pods-IlJournalieriOS.debug.xcconfig"; sourceTree = "<group>"; };
		A34088402AFB628100E0AE6C /* IlJournalieriOSUITests.xctest */ = {isa = PBXFileReference; explicitFileType = wrapper.cfbundle; includeInIndex = 0; path = IlJournalieriOSUITests.xctest; sourceTree = BUILT_PRODUCTS_DIR; };
		A34088422AFB628100E0AE6C /* IlJournalieriOSUITests.swift */ = {isa = PBXFileReference; lastKnownFileType = sourcecode.swift; path = IlJournalieriOSUITests.swift; sourceTree = "<group>"; };
		A340884F2AFB631500E0AE6C /* libIlJournalierUITestUtils.a */ = {isa = PBXFileReference; explicitFileType = archive.ar; includeInIndex = 0; path = libIlJournalierUITestUtils.a; sourceTree = BUILT_PRODUCTS_DIR; };
		A34088512AFB631500E0AE6C /* IlJournalierUITestUtils.swift */ = {isa = PBXFileReference; lastKnownFileType = sourcecode.swift; path = IlJournalierUITestUtils.swift; sourceTree = "<group>"; };
		A34088592AFB635800E0AE6C /* UIView+accessibilityId.swift */ = {isa = PBXFileReference; lastKnownFileType = sourcecode.swift; path = "UIView+accessibilityId.swift"; sourceTree = "<group>"; };
		A340885C2AFB654E00E0AE6C /* Util.swift */ = {isa = PBXFileReference; lastKnownFileType = sourcecode.swift; path = Util.swift; sourceTree = "<group>"; };
		A3E202C22ADA9FA2001D920F /* IlJournalieriOS.app */ = {isa = PBXFileReference; explicitFileType = wrapper.application; includeInIndex = 0; path = IlJournalieriOS.app; sourceTree = BUILT_PRODUCTS_DIR; };
		A3E202C52ADA9FA2001D920F /* AppDelegate.swift */ = {isa = PBXFileReference; lastKnownFileType = sourcecode.swift; path = AppDelegate.swift; sourceTree = "<group>"; };
		A3E202CE2ADA9FA3001D920F /* Assets.xcassets */ = {isa = PBXFileReference; lastKnownFileType = folder.assetcatalog; path = Assets.xcassets; sourceTree = "<group>"; };
		A3E202D12ADA9FA3001D920F /* Base */ = {isa = PBXFileReference; lastKnownFileType = file.storyboard; name = Base; path = Base.lproj/LaunchScreen.storyboard; sourceTree = "<group>"; };
		A3E202D32ADA9FA3001D920F /* Info.plist */ = {isa = PBXFileReference; lastKnownFileType = text.plist.xml; path = Info.plist; sourceTree = "<group>"; };
		A3E202DB2ADAA003001D920F /* DashboardViewController.swift */ = {isa = PBXFileReference; lastKnownFileType = sourcecode.swift; path = DashboardViewController.swift; sourceTree = "<group>"; };
		A3E202DD2ADAA414001D920F /* AppCoordinator.swift */ = {isa = PBXFileReference; lastKnownFileType = sourcecode.swift; path = AppCoordinator.swift; sourceTree = "<group>"; };
		A3E202E02ADAA470001D920F /* DashboardCoordinator.swift */ = {isa = PBXFileReference; lastKnownFileType = sourcecode.swift; path = DashboardCoordinator.swift; sourceTree = "<group>"; };
		A3E202E32ADAA548001D920F /* StylishField.swift */ = {isa = PBXFileReference; lastKnownFileType = sourcecode.swift; path = StylishField.swift; sourceTree = "<group>"; };
		A3E202E62ADAA605001D920F /* UIColor+hex.swift */ = {isa = PBXFileReference; lastKnownFileType = sourcecode.swift; path = "UIColor+hex.swift"; sourceTree = "<group>"; };
		A3E202E92ADAAD0E001D920F /* CoreDataService.swift */ = {isa = PBXFileReference; lastKnownFileType = sourcecode.swift; path = CoreDataService.swift; sourceTree = "<group>"; };
		A3E202EC2ADAAD31001D920F /* IlJournalieriOS.xcdatamodel */ = {isa = PBXFileReference; lastKnownFileType = wrapper.xcdatamodel; path = IlJournalieriOS.xcdatamodel; sourceTree = "<group>"; };
		A3E202EE2ADAAD74001D920F /* DIContext.swift */ = {isa = PBXFileReference; lastKnownFileType = sourcecode.swift; path = DIContext.swift; sourceTree = "<group>"; };
		A3E202F02ADAB093001D920F /* MoreMessageService.swift */ = {isa = PBXFileReference; lastKnownFileType = sourcecode.swift; path = MoreMessageService.swift; sourceTree = "<group>"; };
		A3E202F22ADAB103001D920F /* ErrorChain.swift */ = {isa = PBXFileReference; lastKnownFileType = sourcecode.swift; path = ErrorChain.swift; sourceTree = "<group>"; };
		A3E202F42ADAB162001D920F /* DateService.swift */ = {isa = PBXFileReference; lastKnownFileType = sourcecode.swift; path = DateService.swift; sourceTree = "<group>"; };
		A3E202F62ADAB241001D920F /* MoreMessageStorage.swift */ = {isa = PBXFileReference; lastKnownFileType = sourcecode.swift; path = MoreMessageStorage.swift; sourceTree = "<group>"; };
		A3E202F82ADAB691001D920F /* DashboardPresenter.swift */ = {isa = PBXFileReference; lastKnownFileType = sourcecode.swift; path = DashboardPresenter.swift; sourceTree = "<group>"; };
		A3E202FC2ADAB727001D920F /* MainThread.swift */ = {isa = PBXFileReference; lastKnownFileType = sourcecode.swift; path = MainThread.swift; sourceTree = "<group>"; };
		A3E202FE2ADABA6A001D920F /* StylishButton.swift */ = {isa = PBXFileReference; lastKnownFileType = sourcecode.swift; path = StylishButton.swift; sourceTree = "<group>"; };
		A3E203002ADABABA001D920F /* UIColor+colors.swift */ = {isa = PBXFileReference; lastKnownFileType = sourcecode.swift; path = "UIColor+colors.swift"; sourceTree = "<group>"; };
		A3EC095D2ADEC85B002102AD /* DashboardMassiveViewController.swift */ = {isa = PBXFileReference; lastKnownFileType = sourcecode.swift; path = DashboardMassiveViewController.swift; sourceTree = "<group>"; };
		A3EC09632ADEE96E002102AD /* IlJournalieriOSTests.xctest */ = {isa = PBXFileReference; explicitFileType = wrapper.cfbundle; includeInIndex = 0; path = IlJournalieriOSTests.xctest; sourceTree = BUILT_PRODUCTS_DIR; };
		A3EC096C2ADEE9B4002102AD /* MoreMessageServiceManualTests.swift */ = {isa = PBXFileReference; lastKnownFileType = sourcecode.swift; path = MoreMessageServiceManualTests.swift; sourceTree = "<group>"; };
		A3EC09712ADEEAB9002102AD /* DateServiceMock.swift */ = {isa = PBXFileReference; lastKnownFileType = sourcecode.swift; path = DateServiceMock.swift; sourceTree = "<group>"; };
		A3EC09732ADEEB31002102AD /* MoreMessageStorageMock.swift */ = {isa = PBXFileReference; lastKnownFileType = sourcecode.swift; path = MoreMessageStorageMock.swift; sourceTree = "<group>"; };
		A3EC09752ADEF4E0002102AD /* MoreMessageServiceQuickSpec.swift */ = {isa = PBXFileReference; lastKnownFileType = sourcecode.swift; path = MoreMessageServiceQuickSpec.swift; sourceTree = "<group>"; };
		A3EC09782ADF0437002102AD /* AutoMockable.swift */ = {isa = PBXFileReference; lastKnownFileType = sourcecode.swift; path = AutoMockable.swift; sourceTree = "<group>"; };
		A3EC09872ADF0534002102AD /* AutoMockable.stencil */ = {isa = PBXFileReference; fileEncoding = 4; lastKnownFileType = text; path = AutoMockable.stencil; sourceTree = "<group>"; };
		A3EC09892ADF055F002102AD /* AutoMockable.generated.swift */ = {isa = PBXFileReference; fileEncoding = 4; lastKnownFileType = sourcecode.swift; path = AutoMockable.generated.swift; sourceTree = "<group>"; };
		B3867660AB381987D62D8165 /* Pods_IlJournalieriOS.framework */ = {isa = PBXFileReference; explicitFileType = wrapper.framework; includeInIndex = 0; path = Pods_IlJournalieriOS.framework; sourceTree = BUILT_PRODUCTS_DIR; };
		C375935F10A223966C980ABB /* Pods-IlJournalieriOSUITests.debug.xcconfig */ = {isa = PBXFileReference; includeInIndex = 1; lastKnownFileType = text.xcconfig; name = "Pods-IlJournalieriOSUITests.debug.xcconfig"; path = "Target Support Files/Pods-IlJournalieriOSUITests/Pods-IlJournalieriOSUITests.debug.xcconfig"; sourceTree = "<group>"; };
		C7F198EF3CC114AA1AADD051 /* Pods_IlJournalieriOSTests.framework */ = {isa = PBXFileReference; explicitFileType = wrapper.framework; includeInIndex = 0; path = Pods_IlJournalieriOSTests.framework; sourceTree = BUILT_PRODUCTS_DIR; };
		EC610DF2EEFE18F7D39B0D7C /* Pods-IlJournalieriOSUITests.release.xcconfig */ = {isa = PBXFileReference; includeInIndex = 1; lastKnownFileType = text.xcconfig; name = "Pods-IlJournalieriOSUITests.release.xcconfig"; path = "Target Support Files/Pods-IlJournalieriOSUITests/Pods-IlJournalieriOSUITests.release.xcconfig"; sourceTree = "<group>"; };
/* End PBXFileReference section */

/* Begin PBXFrameworksBuildPhase section */
		A340883D2AFB628100E0AE6C /* Frameworks */ = {
			isa = PBXFrameworksBuildPhase;
			buildActionMask = 2147483647;
			files = (
				A340885B2AFB640C00E0AE6C /* libIlJournalierUITestUtils.a in Frameworks */,
				5C09B76DB21BA970485E59C4 /* Pods_IlJournalieriOSUITests.framework in Frameworks */,
			);
			runOnlyForDeploymentPostprocessing = 0;
		};
		A340884C2AFB631500E0AE6C /* Frameworks */ = {
			isa = PBXFrameworksBuildPhase;
			buildActionMask = 2147483647;
			files = (
			);
			runOnlyForDeploymentPostprocessing = 0;
		};
		A3E202BF2ADA9FA2001D920F /* Frameworks */ = {
			isa = PBXFrameworksBuildPhase;
			buildActionMask = 2147483647;
			files = (
				6940FEE84F66726B29B90FC6 /* Pods_IlJournalieriOS.framework in Frameworks */,
				A34088562AFB632200E0AE6C /* libIlJournalierUITestUtils.a in Frameworks */,
			);
			runOnlyForDeploymentPostprocessing = 0;
		};
		A3EC09602ADEE96E002102AD /* Frameworks */ = {
			isa = PBXFrameworksBuildPhase;
			buildActionMask = 2147483647;
			files = (
				0F370D0C8A46C1DE9F3AD732 /* Pods_IlJournalieriOSTests.framework in Frameworks */,
			);
			runOnlyForDeploymentPostprocessing = 0;
		};
/* End PBXFrameworksBuildPhase section */

/* Begin PBXGroup section */
		094AF6606758A97D8761BD38 /* Pods */ = {
			isa = PBXGroup;
			children = (
				854018108CDAA9C729657DCF /* Pods-IlJournalieriOS.debug.xcconfig */,
				2544FFED21CD2639E3024BB9 /* Pods-IlJournalieriOS.release.xcconfig */,
				3A664860507497E62B970EB4 /* Pods-IlJournalieriOS-IlJournalieriOSTests.debug.xcconfig */,
				278D607B8A35235769859113 /* Pods-IlJournalieriOS-IlJournalieriOSTests.release.xcconfig */,
				0D02B7FBED5BD55F4FC4FB31 /* Pods-IlJournalieriOSTests.debug.xcconfig */,
				215C9B1183701AAEAC824A1C /* Pods-IlJournalieriOSTests.release.xcconfig */,
				C375935F10A223966C980ABB /* Pods-IlJournalieriOSUITests.debug.xcconfig */,
				EC610DF2EEFE18F7D39B0D7C /* Pods-IlJournalieriOSUITests.release.xcconfig */,
			);
			path = Pods;
			sourceTree = "<group>";
		};
		54D7132E3396ECD0B8464A00 /* Frameworks */ = {
			isa = PBXGroup;
			children = (
				B3867660AB381987D62D8165 /* Pods_IlJournalieriOS.framework */,
				C7F198EF3CC114AA1AADD051 /* Pods_IlJournalieriOSTests.framework */,
				410A5667A128035A47819575 /* Pods_IlJournalieriOSUITests.framework */,
			);
			name = Frameworks;
			sourceTree = "<group>";
		};
		A34088412AFB628100E0AE6C /* IlJournalieriOSUITests */ = {
			isa = PBXGroup;
			children = (
				A34088422AFB628100E0AE6C /* IlJournalieriOSUITests.swift */,
				A340885C2AFB654E00E0AE6C /* Util.swift */,
			);
			path = IlJournalieriOSUITests;
			sourceTree = "<group>";
		};
		A34088502AFB631500E0AE6C /* IlJournalierUITestUtils */ = {
			isa = PBXGroup;
			children = (
				A34088512AFB631500E0AE6C /* IlJournalierUITestUtils.swift */,
			);
			path = IlJournalierUITestUtils;
			sourceTree = "<group>";
		};
		A3E202B92ADA9FA2001D920F = {
			isa = PBXGroup;
			children = (
				A3E202C42ADA9FA2001D920F /* IlJournalieriOS */,
				A3EC09642ADEE96E002102AD /* IlJournalieriOSTests */,
				A34088412AFB628100E0AE6C /* IlJournalieriOSUITests */,
				A34088502AFB631500E0AE6C /* IlJournalierUITestUtils */,
				A3E202C32ADA9FA2001D920F /* Products */,
				094AF6606758A97D8761BD38 /* Pods */,
				54D7132E3396ECD0B8464A00 /* Frameworks */,
			);
			sourceTree = "<group>";
		};
		A3E202C32ADA9FA2001D920F /* Products */ = {
			isa = PBXGroup;
			children = (
				A3E202C22ADA9FA2001D920F /* IlJournalieriOS.app */,
				A3EC09632ADEE96E002102AD /* IlJournalieriOSTests.xctest */,
				A34088402AFB628100E0AE6C /* IlJournalieriOSUITests.xctest */,
				A340884F2AFB631500E0AE6C /* libIlJournalierUITestUtils.a */,
			);
			name = Products;
			sourceTree = "<group>";
		};
		A3E202C42ADA9FA2001D920F /* IlJournalieriOS */ = {
			isa = PBXGroup;
			children = (
				A3E202E82ADAAD06001D920F /* Services */,
				A3E202E52ADAA5FD001D920F /* Util */,
				A3E202E22ADAA53F001D920F /* Views */,
				A3E202DF2ADAA41D001D920F /* Resources */,
				A3E202D92ADA9FEC001D920F /* Flows */,
				A3E202C52ADA9FA2001D920F /* AppDelegate.swift */,
				A3E202DD2ADAA414001D920F /* AppCoordinator.swift */,
			);
			path = IlJournalieriOS;
			sourceTree = "<group>";
		};
		A3E202D92ADA9FEC001D920F /* Flows */ = {
			isa = PBXGroup;
			children = (
				A3E202DA2ADA9FF8001D920F /* Dashboard */,
			);
			path = Flows;
			sourceTree = "<group>";
		};
		A3E202DA2ADA9FF8001D920F /* Dashboard */ = {
			isa = PBXGroup;
			children = (
				A3E202DB2ADAA003001D920F /* DashboardViewController.swift */,
				A3E202E02ADAA470001D920F /* DashboardCoordinator.swift */,
				A3E202F82ADAB691001D920F /* DashboardPresenter.swift */,
				A3EC095D2ADEC85B002102AD /* DashboardMassiveViewController.swift */,
			);
			path = Dashboard;
			sourceTree = "<group>";
		};
		A3E202DF2ADAA41D001D920F /* Resources */ = {
			isa = PBXGroup;
			children = (
				A3E202CE2ADA9FA3001D920F /* Assets.xcassets */,
				A3E202D02ADA9FA3001D920F /* LaunchScreen.storyboard */,
				A3E202D32ADA9FA3001D920F /* Info.plist */,
			);
			path = Resources;
			sourceTree = "<group>";
		};
		A3E202E22ADAA53F001D920F /* Views */ = {
			isa = PBXGroup;
			children = (
				A3E202E32ADAA548001D920F /* StylishField.swift */,
				A3E202FE2ADABA6A001D920F /* StylishButton.swift */,
			);
			path = Views;
			sourceTree = "<group>";
		};
		A3E202E52ADAA5FD001D920F /* Util */ = {
			isa = PBXGroup;
			children = (
				A3E202E62ADAA605001D920F /* UIColor+hex.swift */,
				A3E202F22ADAB103001D920F /* ErrorChain.swift */,
				A3E202FC2ADAB727001D920F /* MainThread.swift */,
				A3E203002ADABABA001D920F /* UIColor+colors.swift */,
				A3EC09782ADF0437002102AD /* AutoMockable.swift */,
				A34088592AFB635800E0AE6C /* UIView+accessibilityId.swift */,
			);
			path = Util;
			sourceTree = "<group>";
		};
		A3E202E82ADAAD06001D920F /* Services */ = {
			isa = PBXGroup;
			children = (
				A3E202FB2ADAB6F6001D920F /* MoreMessage */,
				A3E202FA2ADAB6EB001D920F /* CoreData */,
				A3E202EE2ADAAD74001D920F /* DIContext.swift */,
				A3E202F42ADAB162001D920F /* DateService.swift */,
			);
			path = Services;
			sourceTree = "<group>";
		};
		A3E202FA2ADAB6EB001D920F /* CoreData */ = {
			isa = PBXGroup;
			children = (
				A3E202E92ADAAD0E001D920F /* CoreDataService.swift */,
				A3E202EB2ADAAD31001D920F /* IlJournalieriOS.xcdatamodeld */,
			);
			path = CoreData;
			sourceTree = "<group>";
		};
		A3E202FB2ADAB6F6001D920F /* MoreMessage */ = {
			isa = PBXGroup;
			children = (
				A3E202F02ADAB093001D920F /* MoreMessageService.swift */,
				A3E202F62ADAB241001D920F /* MoreMessageStorage.swift */,
			);
			path = MoreMessage;
			sourceTree = "<group>";
		};
		A3EC09642ADEE96E002102AD /* IlJournalieriOSTests */ = {
			isa = PBXGroup;
			children = (
				A3EC09862ADF0534002102AD /* SourceryTemplates */,
				A3EC097A2ADF047D002102AD /* SourceryGenerated */,
				A3EC09702ADEEAAD002102AD /* CustomMocks */,
				A3EC096C2ADEE9B4002102AD /* MoreMessageServiceManualTests.swift */,
				A3EC09752ADEF4E0002102AD /* MoreMessageServiceQuickSpec.swift */,
			);
			path = IlJournalieriOSTests;
			sourceTree = "<group>";
		};
		A3EC09702ADEEAAD002102AD /* CustomMocks */ = {
			isa = PBXGroup;
			children = (
				A3EC09712ADEEAB9002102AD /* DateServiceMock.swift */,
				A3EC09732ADEEB31002102AD /* MoreMessageStorageMock.swift */,
			);
			path = CustomMocks;
			sourceTree = "<group>";
		};
		A3EC097A2ADF047D002102AD /* SourceryGenerated */ = {
			isa = PBXGroup;
			children = (
				A3EC09892ADF055F002102AD /* AutoMockable.generated.swift */,
			);
			path = SourceryGenerated;
			sourceTree = "<group>";
		};
		A3EC09862ADF0534002102AD /* SourceryTemplates */ = {
			isa = PBXGroup;
			children = (
				A3EC09872ADF0534002102AD /* AutoMockable.stencil */,
			);
			path = SourceryTemplates;
			sourceTree = "<group>";
		};
/* End PBXGroup section */

/* Begin PBXNativeTarget section */
		A340883F2AFB628100E0AE6C /* IlJournalieriOSUITests */ = {
			isa = PBXNativeTarget;
			buildConfigurationList = A340884A2AFB628100E0AE6C /* Build configuration list for PBXNativeTarget "IlJournalieriOSUITests" */;
			buildPhases = (
				6CFAD5A3E034D46A16706871 /* [CP] Check Pods Manifest.lock */,
				A340883C2AFB628100E0AE6C /* Sources */,
				A340883D2AFB628100E0AE6C /* Frameworks */,
				A340883E2AFB628100E0AE6C /* Resources */,
				7329BCCF9B362D4F3A1F1D15 /* [CP] Embed Pods Frameworks */,
			);
			buildRules = (
			);
			dependencies = (
				A34088472AFB628100E0AE6C /* PBXTargetDependency */,
			);
			name = IlJournalieriOSUITests;
			productName = IlJournalieriOSUITests;
			productReference = A34088402AFB628100E0AE6C /* IlJournalieriOSUITests.xctest */;
			productType = "com.apple.product-type.bundle.ui-testing";
		};
		A340884E2AFB631500E0AE6C /* IlJournalierUITestUtils */ = {
			isa = PBXNativeTarget;
			buildConfigurationList = A34088532AFB631500E0AE6C /* Build configuration list for PBXNativeTarget "IlJournalierUITestUtils" */;
			buildPhases = (
				A340884B2AFB631500E0AE6C /* Sources */,
				A340884C2AFB631500E0AE6C /* Frameworks */,
				A340884D2AFB631500E0AE6C /* CopyFiles */,
			);
			buildRules = (
			);
			dependencies = (
			);
			name = IlJournalierUITestUtils;
			productName = IlJournalierUITestUtils;
			productReference = A340884F2AFB631500E0AE6C /* libIlJournalierUITestUtils.a */;
			productType = "com.apple.product-type.library.static";
		};
		A3E202C12ADA9FA2001D920F /* IlJournalieriOS */ = {
			isa = PBXNativeTarget;
			buildConfigurationList = A3E202D62ADA9FA3001D920F /* Build configuration list for PBXNativeTarget "IlJournalieriOS" */;
			buildPhases = (
				F352D300F1CF6F295F885527 /* [CP] Check Pods Manifest.lock */,
				A3E202BE2ADA9FA2001D920F /* Sources */,
				A3E202BF2ADA9FA2001D920F /* Frameworks */,
				A3E202C02ADA9FA2001D920F /* Resources */,
				123A43840D4B41F95BD64ECE /* [CP] Embed Pods Frameworks */,
			);
			buildRules = (
			);
			dependencies = (
				A34088582AFB632200E0AE6C /* PBXTargetDependency */,
			);
			name = IlJournalieriOS;
			productName = IlJournalieriOS;
			productReference = A3E202C22ADA9FA2001D920F /* IlJournalieriOS.app */;
			productType = "com.apple.product-type.application";
		};
		A3EC09622ADEE96E002102AD /* IlJournalieriOSTests */ = {
			isa = PBXNativeTarget;
			buildConfigurationList = A3EC09692ADEE96E002102AD /* Build configuration list for PBXNativeTarget "IlJournalieriOSTests" */;
			buildPhases = (
				1F781BAC68C676AEC1045D13 /* [CP] Check Pods Manifest.lock */,
				A3EC09772ADF02ED002102AD /* Sourcery */,
				A3EC095F2ADEE96E002102AD /* Sources */,
				A3EC09602ADEE96E002102AD /* Frameworks */,
				A3EC09612ADEE96E002102AD /* Resources */,
				DE90DD7F27953F51F5C9F290 /* [CP] Embed Pods Frameworks */,
			);
			buildRules = (
			);
			dependencies = (
				A3EC09682ADEE96E002102AD /* PBXTargetDependency */,
			);
			name = IlJournalieriOSTests;
			productName = IlJournalieriOSTests;
			productReference = A3EC09632ADEE96E002102AD /* IlJournalieriOSTests.xctest */;
			productType = "com.apple.product-type.bundle.unit-test";
		};
/* End PBXNativeTarget section */

/* Begin PBXProject section */
		A3E202BA2ADA9FA2001D920F /* Project object */ = {
			isa = PBXProject;
			attributes = {
				BuildIndependentTargetsInParallel = 1;
				LastSwiftUpdateCheck = 1410;
				LastUpgradeCheck = 1410;
				TargetAttributes = {
					A340883F2AFB628100E0AE6C = {
						CreatedOnToolsVersion = 14.1;
						TestTargetID = A3E202C12ADA9FA2001D920F;
					};
					A340884E2AFB631500E0AE6C = {
						CreatedOnToolsVersion = 14.1;
					};
					A3E202C12ADA9FA2001D920F = {
						CreatedOnToolsVersion = 14.1;
					};
					A3EC09622ADEE96E002102AD = {
						CreatedOnToolsVersion = 14.1;
						TestTargetID = A3E202C12ADA9FA2001D920F;
					};
				};
			};
			buildConfigurationList = A3E202BD2ADA9FA2001D920F /* Build configuration list for PBXProject "IlJournalieriOS" */;
			compatibilityVersion = "Xcode 14.0";
			developmentRegion = en;
			hasScannedForEncodings = 0;
			knownRegions = (
				en,
				Base,
			);
			mainGroup = A3E202B92ADA9FA2001D920F;
			productRefGroup = A3E202C32ADA9FA2001D920F /* Products */;
			projectDirPath = "";
			projectRoot = "";
			targets = (
				A3E202C12ADA9FA2001D920F /* IlJournalieriOS */,
				A3EC09622ADEE96E002102AD /* IlJournalieriOSTests */,
				A340883F2AFB628100E0AE6C /* IlJournalieriOSUITests */,
				A340884E2AFB631500E0AE6C /* IlJournalierUITestUtils */,
			);
		};
/* End PBXProject section */

/* Begin PBXResourcesBuildPhase section */
		A340883E2AFB628100E0AE6C /* Resources */ = {
			isa = PBXResourcesBuildPhase;
			buildActionMask = 2147483647;
			files = (
			);
			runOnlyForDeploymentPostprocessing = 0;
		};
		A3E202C02ADA9FA2001D920F /* Resources */ = {
			isa = PBXResourcesBuildPhase;
			buildActionMask = 2147483647;
			files = (
				A3E202D22ADA9FA3001D920F /* LaunchScreen.storyboard in Resources */,
				A3E202CF2ADA9FA3001D920F /* Assets.xcassets in Resources */,
			);
			runOnlyForDeploymentPostprocessing = 0;
		};
		A3EC09612ADEE96E002102AD /* Resources */ = {
			isa = PBXResourcesBuildPhase;
			buildActionMask = 2147483647;
			files = (
			);
			runOnlyForDeploymentPostprocessing = 0;
		};
/* End PBXResourcesBuildPhase section */

/* Begin PBXShellScriptBuildPhase section */
		123A43840D4B41F95BD64ECE /* [CP] Embed Pods Frameworks */ = {
			isa = PBXShellScriptBuildPhase;
			buildActionMask = 2147483647;
			files = (
			);
			inputFileListPaths = (
				"${PODS_ROOT}/Target Support Files/Pods-IlJournalieriOS/Pods-IlJournalieriOS-frameworks-${CONFIGURATION}-input-files.xcfilelist",
			);
			name = "[CP] Embed Pods Frameworks";
			outputFileListPaths = (
				"${PODS_ROOT}/Target Support Files/Pods-IlJournalieriOS/Pods-IlJournalieriOS-frameworks-${CONFIGURATION}-output-files.xcfilelist",
			);
			runOnlyForDeploymentPostprocessing = 0;
			shellPath = /bin/sh;
			shellScript = "\"${PODS_ROOT}/Target Support Files/Pods-IlJournalieriOS/Pods-IlJournalieriOS-frameworks.sh\"\n";
			showEnvVarsInLog = 0;
		};
		1F781BAC68C676AEC1045D13 /* [CP] Check Pods Manifest.lock */ = {
			isa = PBXShellScriptBuildPhase;
			buildActionMask = 2147483647;
			files = (
			);
			inputFileListPaths = (
			);
			inputPaths = (
				"${PODS_PODFILE_DIR_PATH}/Podfile.lock",
				"${PODS_ROOT}/Manifest.lock",
			);
			name = "[CP] Check Pods Manifest.lock";
			outputFileListPaths = (
			);
			outputPaths = (
				"$(DERIVED_FILE_DIR)/Pods-IlJournalieriOSTests-checkManifestLockResult.txt",
			);
			runOnlyForDeploymentPostprocessing = 0;
			shellPath = /bin/sh;
			shellScript = "diff \"${PODS_PODFILE_DIR_PATH}/Podfile.lock\" \"${PODS_ROOT}/Manifest.lock\" > /dev/null\nif [ $? != 0 ] ; then\n    # print error to STDERR\n    echo \"error: The sandbox is not in sync with the Podfile.lock. Run 'pod install' or update your CocoaPods installation.\" >&2\n    exit 1\nfi\n# This output is used by Xcode 'outputs' to avoid re-running this script phase.\necho \"SUCCESS\" > \"${SCRIPT_OUTPUT_FILE_0}\"\n";
			showEnvVarsInLog = 0;
		};
		6CFAD5A3E034D46A16706871 /* [CP] Check Pods Manifest.lock */ = {
			isa = PBXShellScriptBuildPhase;
			buildActionMask = 2147483647;
			files = (
			);
			inputFileListPaths = (
			);
			inputPaths = (
				"${PODS_PODFILE_DIR_PATH}/Podfile.lock",
				"${PODS_ROOT}/Manifest.lock",
			);
			name = "[CP] Check Pods Manifest.lock";
			outputFileListPaths = (
			);
			outputPaths = (
				"$(DERIVED_FILE_DIR)/Pods-IlJournalieriOSUITests-checkManifestLockResult.txt",
			);
			runOnlyForDeploymentPostprocessing = 0;
			shellPath = /bin/sh;
			shellScript = "diff \"${PODS_PODFILE_DIR_PATH}/Podfile.lock\" \"${PODS_ROOT}/Manifest.lock\" > /dev/null\nif [ $? != 0 ] ; then\n    # print error to STDERR\n    echo \"error: The sandbox is not in sync with the Podfile.lock. Run 'pod install' or update your CocoaPods installation.\" >&2\n    exit 1\nfi\n# This output is used by Xcode 'outputs' to avoid re-running this script phase.\necho \"SUCCESS\" > \"${SCRIPT_OUTPUT_FILE_0}\"\n";
			showEnvVarsInLog = 0;
		};
		7329BCCF9B362D4F3A1F1D15 /* [CP] Embed Pods Frameworks */ = {
			isa = PBXShellScriptBuildPhase;
			buildActionMask = 2147483647;
			files = (
			);
			inputFileListPaths = (
				"${PODS_ROOT}/Target Support Files/Pods-IlJournalieriOSUITests/Pods-IlJournalieriOSUITests-frameworks-${CONFIGURATION}-input-files.xcfilelist",
			);
			name = "[CP] Embed Pods Frameworks";
			outputFileListPaths = (
				"${PODS_ROOT}/Target Support Files/Pods-IlJournalieriOSUITests/Pods-IlJournalieriOSUITests-frameworks-${CONFIGURATION}-output-files.xcfilelist",
			);
			runOnlyForDeploymentPostprocessing = 0;
			shellPath = /bin/sh;
			shellScript = "\"${PODS_ROOT}/Target Support Files/Pods-IlJournalieriOSUITests/Pods-IlJournalieriOSUITests-frameworks.sh\"\n";
			showEnvVarsInLog = 0;
		};
		A3EC09772ADF02ED002102AD /* Sourcery */ = {
			isa = PBXShellScriptBuildPhase;
			buildActionMask = 2147483647;
			files = (
			);
			inputFileListPaths = (
			);
			inputPaths = (
			);
			name = Sourcery;
			outputFileListPaths = (
			);
			outputPaths = (
				"$(SRCROOT)/IlJournalieriOSTests/SourceryGenerated/AutoMockable.generated.swift",
			);
			runOnlyForDeploymentPostprocessing = 0;
			shellPath = /bin/sh;
			shellScript = "\"${SRCROOT}/Plugins/sourcery-2.1.1/bin/sourcery\" \\\n\\\n--templates \"${SRCROOT}/IlJournalieriOSTests/SourceryTemplates\" \\\n--sources \"${SRCROOT}/IlJournalieriOS\" \\\n--output \"${SRCROOT}/IlJournalieriOSTests/SourceryGenerated\" \\\n";
		};
		DE90DD7F27953F51F5C9F290 /* [CP] Embed Pods Frameworks */ = {
			isa = PBXShellScriptBuildPhase;
			buildActionMask = 2147483647;
			files = (
			);
			inputFileListPaths = (
				"${PODS_ROOT}/Target Support Files/Pods-IlJournalieriOSTests/Pods-IlJournalieriOSTests-frameworks-${CONFIGURATION}-input-files.xcfilelist",
			);
			name = "[CP] Embed Pods Frameworks";
			outputFileListPaths = (
				"${PODS_ROOT}/Target Support Files/Pods-IlJournalieriOSTests/Pods-IlJournalieriOSTests-frameworks-${CONFIGURATION}-output-files.xcfilelist",
			);
			runOnlyForDeploymentPostprocessing = 0;
			shellPath = /bin/sh;
			shellScript = "\"${PODS_ROOT}/Target Support Files/Pods-IlJournalieriOSTests/Pods-IlJournalieriOSTests-frameworks.sh\"\n";
			showEnvVarsInLog = 0;
		};
		F352D300F1CF6F295F885527 /* [CP] Check Pods Manifest.lock */ = {
			isa = PBXShellScriptBuildPhase;
			buildActionMask = 2147483647;
			files = (
			);
			inputFileListPaths = (
			);
			inputPaths = (
				"${PODS_PODFILE_DIR_PATH}/Podfile.lock",
				"${PODS_ROOT}/Manifest.lock",
			);
			name = "[CP] Check Pods Manifest.lock";
			outputFileListPaths = (
			);
			outputPaths = (
				"$(DERIVED_FILE_DIR)/Pods-IlJournalieriOS-checkManifestLockResult.txt",
			);
			runOnlyForDeploymentPostprocessing = 0;
			shellPath = /bin/sh;
			shellScript = "diff \"${PODS_PODFILE_DIR_PATH}/Podfile.lock\" \"${PODS_ROOT}/Manifest.lock\" > /dev/null\nif [ $? != 0 ] ; then\n    # print error to STDERR\n    echo \"error: The sandbox is not in sync with the Podfile.lock. Run 'pod install' or update your CocoaPods installation.\" >&2\n    exit 1\nfi\n# This output is used by Xcode 'outputs' to avoid re-running this script phase.\necho \"SUCCESS\" > \"${SCRIPT_OUTPUT_FILE_0}\"\n";
			showEnvVarsInLog = 0;
		};
/* End PBXShellScriptBuildPhase section */

/* Begin PBXSourcesBuildPhase section */
		A340883C2AFB628100E0AE6C /* Sources */ = {
			isa = PBXSourcesBuildPhase;
			buildActionMask = 2147483647;
			files = (
				A34088432AFB628100E0AE6C /* IlJournalieriOSUITests.swift in Sources */,
				A340885D2AFB654E00E0AE6C /* Util.swift in Sources */,
			);
			runOnlyForDeploymentPostprocessing = 0;
		};
		A340884B2AFB631500E0AE6C /* Sources */ = {
			isa = PBXSourcesBuildPhase;
			buildActionMask = 2147483647;
			files = (
				A34088522AFB631500E0AE6C /* IlJournalierUITestUtils.swift in Sources */,
			);
			runOnlyForDeploymentPostprocessing = 0;
		};
		A3E202BE2ADA9FA2001D920F /* Sources */ = {
			isa = PBXSourcesBuildPhase;
			buildActionMask = 2147483647;
			files = (
				A340885A2AFB635800E0AE6C /* UIView+accessibilityId.swift in Sources */,
				A3E202F72ADAB241001D920F /* MoreMessageStorage.swift in Sources */,
				A3E203012ADABABA001D920F /* UIColor+colors.swift in Sources */,
				A3E202F12ADAB093001D920F /* MoreMessageService.swift in Sources */,
				A3E202EA2ADAAD0E001D920F /* CoreDataService.swift in Sources */,
				A3E202EF2ADAAD74001D920F /* DIContext.swift in Sources */,
				A3E202F52ADAB162001D920F /* DateService.swift in Sources */,
				A3E202DE2ADAA414001D920F /* AppCoordinator.swift in Sources */,
				A3E202E12ADAA470001D920F /* DashboardCoordinator.swift in Sources */,
				A3E202F32ADAB103001D920F /* ErrorChain.swift in Sources */,
				A3E202C62ADA9FA2001D920F /* AppDelegate.swift in Sources */,
				A3E202E72ADAA605001D920F /* UIColor+hex.swift in Sources */,
				A3EC09792ADF0437002102AD /* AutoMockable.swift in Sources */,
				A3E202FF2ADABA6A001D920F /* StylishButton.swift in Sources */,
				A3E202FD2ADAB727001D920F /* MainThread.swift in Sources */,
				A3E202DC2ADAA003001D920F /* DashboardViewController.swift in Sources */,
				A3EC095E2ADEC85B002102AD /* DashboardMassiveViewController.swift in Sources */,
				A3E202F92ADAB691001D920F /* DashboardPresenter.swift in Sources */,
				A3E202E42ADAA548001D920F /* StylishField.swift in Sources */,
				A3E202ED2ADAAD31001D920F /* IlJournalieriOS.xcdatamodeld in Sources */,
			);
			runOnlyForDeploymentPostprocessing = 0;
		};
		A3EC095F2ADEE96E002102AD /* Sources */ = {
			isa = PBXSourcesBuildPhase;
			buildActionMask = 2147483647;
			files = (
				A3EC09742ADEEB31002102AD /* MoreMessageStorageMock.swift in Sources */,
				A3EC098A2ADF055F002102AD /* AutoMockable.generated.swift in Sources */,
				A3EC09722ADEEAB9002102AD /* DateServiceMock.swift in Sources */,
				A3EC096D2ADEE9B4002102AD /* MoreMessageServiceManualTests.swift in Sources */,
				A3EC09762ADEF4E0002102AD /* MoreMessageServiceQuickSpec.swift in Sources */,
			);
			runOnlyForDeploymentPostprocessing = 0;
		};
/* End PBXSourcesBuildPhase section */

/* Begin PBXTargetDependency section */
		A34088472AFB628100E0AE6C /* PBXTargetDependency */ = {
			isa = PBXTargetDependency;
			target = A3E202C12ADA9FA2001D920F /* IlJournalieriOS */;
			targetProxy = A34088462AFB628100E0AE6C /* PBXContainerItemProxy */;
		};
		A34088582AFB632200E0AE6C /* PBXTargetDependency */ = {
			isa = PBXTargetDependency;
			target = A340884E2AFB631500E0AE6C /* IlJournalierUITestUtils */;
			targetProxy = A34088572AFB632200E0AE6C /* PBXContainerItemProxy */;
		};
		A3EC09682ADEE96E002102AD /* PBXTargetDependency */ = {
			isa = PBXTargetDependency;
			target = A3E202C12ADA9FA2001D920F /* IlJournalieriOS */;
			targetProxy = A3EC09672ADEE96E002102AD /* PBXContainerItemProxy */;
		};
/* End PBXTargetDependency section */

/* Begin PBXVariantGroup section */
		A3E202D02ADA9FA3001D920F /* LaunchScreen.storyboard */ = {
			isa = PBXVariantGroup;
			children = (
				A3E202D12ADA9FA3001D920F /* Base */,
			);
			name = LaunchScreen.storyboard;
			sourceTree = "<group>";
		};
/* End PBXVariantGroup section */

/* Begin XCBuildConfiguration section */
		A34088482AFB628100E0AE6C /* Debug */ = {
			isa = XCBuildConfiguration;
			baseConfigurationReference = C375935F10A223966C980ABB /* Pods-IlJournalieriOSUITests.debug.xcconfig */;
			buildSettings = {
				CODE_SIGN_STYLE = Automatic;
				CURRENT_PROJECT_VERSION = 1;
				GENERATE_INFOPLIST_FILE = YES;
				MARKETING_VERSION = 1.0;
				PRODUCT_BUNDLE_IDENTIFIER = net.caroline.weisberg.IlJournalieriOSUITests;
				PRODUCT_NAME = "$(TARGET_NAME)";
				SWIFT_EMIT_LOC_STRINGS = NO;
				SWIFT_VERSION = 5.0;
				TARGETED_DEVICE_FAMILY = "1,2";
				TEST_TARGET_NAME = IlJournalieriOS;
			};
			name = Debug;
		};
		A34088492AFB628100E0AE6C /* Release */ = {
			isa = XCBuildConfiguration;
			baseConfigurationReference = EC610DF2EEFE18F7D39B0D7C /* Pods-IlJournalieriOSUITests.release.xcconfig */;
			buildSettings = {
				CODE_SIGN_STYLE = Automatic;
				CURRENT_PROJECT_VERSION = 1;
				GENERATE_INFOPLIST_FILE = YES;
				MARKETING_VERSION = 1.0;
				PRODUCT_BUNDLE_IDENTIFIER = net.caroline.weisberg.IlJournalieriOSUITests;
				PRODUCT_NAME = "$(TARGET_NAME)";
				SWIFT_EMIT_LOC_STRINGS = NO;
				SWIFT_VERSION = 5.0;
				TARGETED_DEVICE_FAMILY = "1,2";
				TEST_TARGET_NAME = IlJournalieriOS;
			};
			name = Release;
		};
		A34088542AFB631500E0AE6C /* Debug */ = {
			isa = XCBuildConfiguration;
			buildSettings = {
				CODE_SIGN_STYLE = Automatic;
				OTHER_LDFLAGS = "-ObjC";
				PRODUCT_NAME = "$(TARGET_NAME)";
				SKIP_INSTALL = YES;
				SWIFT_VERSION = 5.0;
				TARGETED_DEVICE_FAMILY = "1,2";
			};
			name = Debug;
		};
		A34088552AFB631500E0AE6C /* Release */ = {
			isa = XCBuildConfiguration;
			buildSettings = {
				CODE_SIGN_STYLE = Automatic;
				OTHER_LDFLAGS = "-ObjC";
				PRODUCT_NAME = "$(TARGET_NAME)";
				SKIP_INSTALL = YES;
				SWIFT_VERSION = 5.0;
				TARGETED_DEVICE_FAMILY = "1,2";
			};
			name = Release;
		};
		A3E202D42ADA9FA3001D920F /* Debug */ = {
			isa = XCBuildConfiguration;
			buildSettings = {
				ALWAYS_SEARCH_USER_PATHS = NO;
				CLANG_ANALYZER_NONNULL = YES;
				CLANG_ANALYZER_NUMBER_OBJECT_CONVERSION = YES_AGGRESSIVE;
				CLANG_CXX_LANGUAGE_STANDARD = "gnu++20";
				CLANG_ENABLE_MODULES = YES;
				CLANG_ENABLE_OBJC_ARC = YES;
				CLANG_ENABLE_OBJC_WEAK = YES;
				CLANG_WARN_BLOCK_CAPTURE_AUTORELEASING = YES;
				CLANG_WARN_BOOL_CONVERSION = YES;
				CLANG_WARN_COMMA = YES;
				CLANG_WARN_CONSTANT_CONVERSION = YES;
				CLANG_WARN_DEPRECATED_OBJC_IMPLEMENTATIONS = YES;
				CLANG_WARN_DIRECT_OBJC_ISA_USAGE = YES_ERROR;
				CLANG_WARN_DOCUMENTATION_COMMENTS = YES;
				CLANG_WARN_EMPTY_BODY = YES;
				CLANG_WARN_ENUM_CONVERSION = YES;
				CLANG_WARN_INFINITE_RECURSION = YES;
				CLANG_WARN_INT_CONVERSION = YES;
				CLANG_WARN_NON_LITERAL_NULL_CONVERSION = YES;
				CLANG_WARN_OBJC_IMPLICIT_RETAIN_SELF = YES;
				CLANG_WARN_OBJC_LITERAL_CONVERSION = YES;
				CLANG_WARN_OBJC_ROOT_CLASS = YES_ERROR;
				CLANG_WARN_QUOTED_INCLUDE_IN_FRAMEWORK_HEADER = YES;
				CLANG_WARN_RANGE_LOOP_ANALYSIS = YES;
				CLANG_WARN_STRICT_PROTOTYPES = YES;
				CLANG_WARN_SUSPICIOUS_MOVE = YES;
				CLANG_WARN_UNGUARDED_AVAILABILITY = YES_AGGRESSIVE;
				CLANG_WARN_UNREACHABLE_CODE = YES;
				CLANG_WARN__DUPLICATE_METHOD_MATCH = YES;
				COPY_PHASE_STRIP = NO;
				DEBUG_INFORMATION_FORMAT = dwarf;
				ENABLE_STRICT_OBJC_MSGSEND = YES;
				ENABLE_TESTABILITY = YES;
				GCC_C_LANGUAGE_STANDARD = gnu11;
				GCC_DYNAMIC_NO_PIC = NO;
				GCC_NO_COMMON_BLOCKS = YES;
				GCC_OPTIMIZATION_LEVEL = 0;
				GCC_PREPROCESSOR_DEFINITIONS = (
					"DEBUG=1",
					"$(inherited)",
				);
				GCC_WARN_64_TO_32_BIT_CONVERSION = YES;
				GCC_WARN_ABOUT_RETURN_TYPE = YES_ERROR;
				GCC_WARN_UNDECLARED_SELECTOR = YES;
				GCC_WARN_UNINITIALIZED_AUTOS = YES_AGGRESSIVE;
				GCC_WARN_UNUSED_FUNCTION = YES;
				GCC_WARN_UNUSED_VARIABLE = YES;
				IPHONEOS_DEPLOYMENT_TARGET = 12.0;
				MTL_ENABLE_DEBUG_INFO = INCLUDE_SOURCE;
				MTL_FAST_MATH = YES;
				ONLY_ACTIVE_ARCH = YES;
				SDKROOT = iphoneos;
				SWIFT_ACTIVE_COMPILATION_CONDITIONS = DEBUG;
				SWIFT_OPTIMIZATION_LEVEL = "-Onone";
			};
			name = Debug;
		};
		A3E202D52ADA9FA3001D920F /* Release */ = {
			isa = XCBuildConfiguration;
			buildSettings = {
				ALWAYS_SEARCH_USER_PATHS = NO;
				CLANG_ANALYZER_NONNULL = YES;
				CLANG_ANALYZER_NUMBER_OBJECT_CONVERSION = YES_AGGRESSIVE;
				CLANG_CXX_LANGUAGE_STANDARD = "gnu++20";
				CLANG_ENABLE_MODULES = YES;
				CLANG_ENABLE_OBJC_ARC = YES;
				CLANG_ENABLE_OBJC_WEAK = YES;
				CLANG_WARN_BLOCK_CAPTURE_AUTORELEASING = YES;
				CLANG_WARN_BOOL_CONVERSION = YES;
				CLANG_WARN_COMMA = YES;
				CLANG_WARN_CONSTANT_CONVERSION = YES;
				CLANG_WARN_DEPRECATED_OBJC_IMPLEMENTATIONS = YES;
				CLANG_WARN_DIRECT_OBJC_ISA_USAGE = YES_ERROR;
				CLANG_WARN_DOCUMENTATION_COMMENTS = YES;
				CLANG_WARN_EMPTY_BODY = YES;
				CLANG_WARN_ENUM_CONVERSION = YES;
				CLANG_WARN_INFINITE_RECURSION = YES;
				CLANG_WARN_INT_CONVERSION = YES;
				CLANG_WARN_NON_LITERAL_NULL_CONVERSION = YES;
				CLANG_WARN_OBJC_IMPLICIT_RETAIN_SELF = YES;
				CLANG_WARN_OBJC_LITERAL_CONVERSION = YES;
				CLANG_WARN_OBJC_ROOT_CLASS = YES_ERROR;
				CLANG_WARN_QUOTED_INCLUDE_IN_FRAMEWORK_HEADER = YES;
				CLANG_WARN_RANGE_LOOP_ANALYSIS = YES;
				CLANG_WARN_STRICT_PROTOTYPES = YES;
				CLANG_WARN_SUSPICIOUS_MOVE = YES;
				CLANG_WARN_UNGUARDED_AVAILABILITY = YES_AGGRESSIVE;
				CLANG_WARN_UNREACHABLE_CODE = YES;
				CLANG_WARN__DUPLICATE_METHOD_MATCH = YES;
				COPY_PHASE_STRIP = NO;
				DEBUG_INFORMATION_FORMAT = "dwarf-with-dsym";
				ENABLE_NS_ASSERTIONS = NO;
				ENABLE_STRICT_OBJC_MSGSEND = YES;
				GCC_C_LANGUAGE_STANDARD = gnu11;
				GCC_NO_COMMON_BLOCKS = YES;
				GCC_WARN_64_TO_32_BIT_CONVERSION = YES;
				GCC_WARN_ABOUT_RETURN_TYPE = YES_ERROR;
				GCC_WARN_UNDECLARED_SELECTOR = YES;
				GCC_WARN_UNINITIALIZED_AUTOS = YES_AGGRESSIVE;
				GCC_WARN_UNUSED_FUNCTION = YES;
				GCC_WARN_UNUSED_VARIABLE = YES;
				IPHONEOS_DEPLOYMENT_TARGET = 12.0;
				MTL_ENABLE_DEBUG_INFO = NO;
				MTL_FAST_MATH = YES;
				SDKROOT = iphoneos;
				SWIFT_COMPILATION_MODE = wholemodule;
				SWIFT_OPTIMIZATION_LEVEL = "-O";
				VALIDATE_PRODUCT = YES;
			};
			name = Release;
		};
		A3E202D72ADA9FA3001D920F /* Debug */ = {
			isa = XCBuildConfiguration;
			baseConfigurationReference = 854018108CDAA9C729657DCF /* Pods-IlJournalieriOS.debug.xcconfig */;
			buildSettings = {
				ASSETCATALOG_COMPILER_APPICON_NAME = AppIcon;
				ASSETCATALOG_COMPILER_GLOBAL_ACCENT_COLOR_NAME = AccentColor;
				CODE_SIGN_STYLE = Automatic;
				CURRENT_PROJECT_VERSION = 1;
				GENERATE_INFOPLIST_FILE = YES;
				INFOPLIST_FILE = IlJournalieriOS/Resources/Info.plist;
				INFOPLIST_KEY_UIApplicationSupportsIndirectInputEvents = YES;
				INFOPLIST_KEY_UILaunchStoryboardName = LaunchScreen;
				INFOPLIST_KEY_UISupportedInterfaceOrientations_iPad = "UIInterfaceOrientationPortrait UIInterfaceOrientationPortraitUpsideDown UIInterfaceOrientationLandscapeLeft UIInterfaceOrientationLandscapeRight";
				INFOPLIST_KEY_UISupportedInterfaceOrientations_iPhone = "UIInterfaceOrientationPortrait UIInterfaceOrientationLandscapeLeft UIInterfaceOrientationLandscapeRight";
				LD_RUNPATH_SEARCH_PATHS = (
					"$(inherited)",
					"@executable_path/Frameworks",
				);
				MARKETING_VERSION = 1.0;
				PRODUCT_BUNDLE_IDENTIFIER = net.caroline.weisberg.IlJournalieriOS;
				PRODUCT_NAME = "$(TARGET_NAME)";
				SWIFT_EMIT_LOC_STRINGS = YES;
				SWIFT_VERSION = 5.0;
				TARGETED_DEVICE_FAMILY = "1,2";
			};
			name = Debug;
		};
		A3E202D82ADA9FA3001D920F /* Release */ = {
			isa = XCBuildConfiguration;
			baseConfigurationReference = 2544FFED21CD2639E3024BB9 /* Pods-IlJournalieriOS.release.xcconfig */;
			buildSettings = {
				ASSETCATALOG_COMPILER_APPICON_NAME = AppIcon;
				ASSETCATALOG_COMPILER_GLOBAL_ACCENT_COLOR_NAME = AccentColor;
				CODE_SIGN_STYLE = Automatic;
				CURRENT_PROJECT_VERSION = 1;
				GENERATE_INFOPLIST_FILE = YES;
				INFOPLIST_FILE = IlJournalieriOS/Resources/Info.plist;
				INFOPLIST_KEY_UIApplicationSupportsIndirectInputEvents = YES;
				INFOPLIST_KEY_UILaunchStoryboardName = LaunchScreen;
				INFOPLIST_KEY_UISupportedInterfaceOrientations_iPad = "UIInterfaceOrientationPortrait UIInterfaceOrientationPortraitUpsideDown UIInterfaceOrientationLandscapeLeft UIInterfaceOrientationLandscapeRight";
				INFOPLIST_KEY_UISupportedInterfaceOrientations_iPhone = "UIInterfaceOrientationPortrait UIInterfaceOrientationLandscapeLeft UIInterfaceOrientationLandscapeRight";
				LD_RUNPATH_SEARCH_PATHS = (
					"$(inherited)",
					"@executable_path/Frameworks",
				);
				MARKETING_VERSION = 1.0;
				PRODUCT_BUNDLE_IDENTIFIER = net.caroline.weisberg.IlJournalieriOS;
				PRODUCT_NAME = "$(TARGET_NAME)";
				SWIFT_EMIT_LOC_STRINGS = YES;
				SWIFT_VERSION = 5.0;
				TARGETED_DEVICE_FAMILY = "1,2";
			};
			name = Release;
		};
		A3EC096A2ADEE96E002102AD /* Debug */ = {
			isa = XCBuildConfiguration;
			baseConfigurationReference = 0D02B7FBED5BD55F4FC4FB31 /* Pods-IlJournalieriOSTests.debug.xcconfig */;
			buildSettings = {
				BUNDLE_LOADER = "$(TEST_HOST)";
				CODE_SIGN_STYLE = Automatic;
				CURRENT_PROJECT_VERSION = 1;
				GENERATE_INFOPLIST_FILE = YES;
				MARKETING_VERSION = 1.0;
				PRODUCT_BUNDLE_IDENTIFIER = net.caroline.weisberg.IlJournalieriOSTests;
				PRODUCT_NAME = "$(TARGET_NAME)";
				SWIFT_EMIT_LOC_STRINGS = NO;
				SWIFT_VERSION = 5.0;
				TARGETED_DEVICE_FAMILY = "1,2";
				TEST_HOST = "$(BUILT_PRODUCTS_DIR)/IlJournalieriOS.app/$(BUNDLE_EXECUTABLE_FOLDER_PATH)/IlJournalieriOS";
			};
			name = Debug;
		};
		A3EC096B2ADEE96E002102AD /* Release */ = {
			isa = XCBuildConfiguration;
			baseConfigurationReference = 215C9B1183701AAEAC824A1C /* Pods-IlJournalieriOSTests.release.xcconfig */;
			buildSettings = {
				BUNDLE_LOADER = "$(TEST_HOST)";
				CODE_SIGN_STYLE = Automatic;
				CURRENT_PROJECT_VERSION = 1;
				GENERATE_INFOPLIST_FILE = YES;
				MARKETING_VERSION = 1.0;
				PRODUCT_BUNDLE_IDENTIFIER = net.caroline.weisberg.IlJournalieriOSTests;
				PRODUCT_NAME = "$(TARGET_NAME)";
				SWIFT_EMIT_LOC_STRINGS = NO;
				SWIFT_VERSION = 5.0;
				TARGETED_DEVICE_FAMILY = "1,2";
				TEST_HOST = "$(BUILT_PRODUCTS_DIR)/IlJournalieriOS.app/$(BUNDLE_EXECUTABLE_FOLDER_PATH)/IlJournalieriOS";
			};
			name = Release;
		};
/* End XCBuildConfiguration section */

/* Begin XCConfigurationList section */
		A340884A2AFB628100E0AE6C /* Build configuration list for PBXNativeTarget "IlJournalieriOSUITests" */ = {
			isa = XCConfigurationList;
			buildConfigurations = (
				A34088482AFB628100E0AE6C /* Debug */,
				A34088492AFB628100E0AE6C /* Release */,
			);
			defaultConfigurationIsVisible = 0;
			defaultConfigurationName = Release;
		};
		A34088532AFB631500E0AE6C /* Build configuration list for PBXNativeTarget "IlJournalierUITestUtils" */ = {
			isa = XCConfigurationList;
			buildConfigurations = (
				A34088542AFB631500E0AE6C /* Debug */,
				A34088552AFB631500E0AE6C /* Release */,
			);
			defaultConfigurationIsVisible = 0;
			defaultConfigurationName = Release;
		};
		A3E202BD2ADA9FA2001D920F /* Build configuration list for PBXProject "IlJournalieriOS" */ = {
			isa = XCConfigurationList;
			buildConfigurations = (
				A3E202D42ADA9FA3001D920F /* Debug */,
				A3E202D52ADA9FA3001D920F /* Release */,
			);
			defaultConfigurationIsVisible = 0;
			defaultConfigurationName = Release;
		};
		A3E202D62ADA9FA3001D920F /* Build configuration list for PBXNativeTarget "IlJournalieriOS" */ = {
			isa = XCConfigurationList;
			buildConfigurations = (
				A3E202D72ADA9FA3001D920F /* Debug */,
				A3E202D82ADA9FA3001D920F /* Release */,
			);
			defaultConfigurationIsVisible = 0;
			defaultConfigurationName = Release;
		};
		A3EC09692ADEE96E002102AD /* Build configuration list for PBXNativeTarget "IlJournalieriOSTests" */ = {
			isa = XCConfigurationList;
			buildConfigurations = (
				A3EC096A2ADEE96E002102AD /* Debug */,
				A3EC096B2ADEE96E002102AD /* Release */,
			);
			defaultConfigurationIsVisible = 0;
			defaultConfigurationName = Release;
		};
/* End XCConfigurationList section */

/* Begin XCVersionGroup section */
		A3E202EB2ADAAD31001D920F /* IlJournalieriOS.xcdatamodeld */ = {
			isa = XCVersionGroup;
			children = (
				A3E202EC2ADAAD31001D920F /* IlJournalieriOS.xcdatamodel */,
			);
			currentVersion = A3E202EC2ADAAD31001D920F /* IlJournalieriOS.xcdatamodel */;
			path = IlJournalieriOS.xcdatamodeld;
			sourceTree = "<group>";
			versionGroupType = wrapper.xcdatamodel;
		};
/* End XCVersionGroup section */
	};
	rootObject = A3E202BA2ADA9FA2001D920F /* Project object */;
}
